
Microsoft Visual Studio Solution File, Format Version 12.00
# Visual Studio Version 17
VisualStudioVersion = 17.9.34607.119
MinimumVisualStudioVersion = 10.0.40219.1
Project("{FAE04EC0-301F-11D3-BF4B-00C04F79EFBC}") = "GetHardwareID", "GetHardwareID\GetHardwareID.csproj", "{05265E51-F7BD-4CF3-BA4F-C1A6C699D63C}"
EndProject
Global
	GlobalSection(SolutionConfigurationPlatforms) = preSolution
		Debug|Any CPU = Debug|Any CPU
		Release|Any CPU = Release|Any CPU
	EndGlobalSection
	GlobalSection(ProjectConfigurationPlatforms) = postSolution
		{05265E51-F7BD-4CF3-BA4F-C1A6C699D63C}.Debug|Any CPU.ActiveCfg = Debug|Any CPU
		{05265E51-F7BD-4CF3-BA4F-C1A6C699D63C}.Debug|Any CPU.Build.0 = Debug|Any CPU
		{05265E51-F7BD-4CF3-BA4F-C1A6C699D63C}.Release|Any CPU.ActiveCfg = Release|Any CPU
		{05265E51-F7BD-4CF3-BA4F-C1A6C699D63C}.Release|Any CPU.Build.0 = Release|Any CPU
	EndGlobalSection
	GlobalSection(SolutionProperties) = preSolution
		HideSolutionNode = FALSE
	EndGlobalSection
	GlobalSection(ExtensibilityGlobals) = postSolution
		SolutionGuid = {18886C65-05FF-4AC3-8DA1-1A42689F2CBF}
	EndGlobalSection
EndGlobal
